// !$*UTF8*$!
{
	archiveVersion = 1;
	classes = {
	};
	objectVersion = 56;
	objects = {

/* Begin PBXBuildFile section */
		231818892C06039F006FE008 /* PokemonApp.swift in Sources */ = {isa = PBXBuildFile; fileRef = 231818882C06039F006FE008 /* PokemonApp.swift */; };
		2318188B2C06039F006FE008 /* PokemonListView.swift in Sources */ = {isa = PBXBuildFile; fileRef = 2318188A2C06039F006FE008 /* PokemonListView.swift */; };
		2318188D2C0603A1006FE008 /* Assets.xcassets in Resources */ = {isa = PBXBuildFile; fileRef = 2318188C2C0603A1006FE008 /* Assets.xcassets */; };
		231818902C0603A1006FE008 /* Preview Assets.xcassets in Resources */ = {isa = PBXBuildFile; fileRef = 2318188F2C0603A1006FE008 /* Preview Assets.xcassets */; };
		2318189B2C0603A1006FE008 /* PokemonTests.swift in Sources */ = {isa = PBXBuildFile; fileRef = 2318189A2C0603A1006FE008 /* PokemonTests.swift */; };
		231818A52C0603A1006FE008 /* PokemonUITests.swift in Sources */ = {isa = PBXBuildFile; fileRef = 231818A42C0603A1006FE008 /* PokemonUITests.swift */; };
		231818A72C0603A1006FE008 /* PokemonUITestsLaunchTests.swift in Sources */ = {isa = PBXBuildFile; fileRef = 231818A62C0603A1006FE008 /* PokemonUITestsLaunchTests.swift */; };
		231818B72C060772006FE008 /* PokemonManager.swift in Sources */ = {isa = PBXBuildFile; fileRef = 231818B62C060772006FE008 /* PokemonManager.swift */; };
		2362F4922C060E4F00CB9F5F /* Alamofire in Frameworks */ = {isa = PBXBuildFile; productRef = 2362F4912C060E4F00CB9F5F /* Alamofire */; };
		2362F4942C060E4F00CB9F5F /* AlamofireDynamic in Frameworks */ = {isa = PBXBuildFile; productRef = 2362F4932C060E4F00CB9F5F /* AlamofireDynamic */; };
		2362F4962C060E7600CB9F5F /* ProgressHUD in Frameworks */ = {isa = PBXBuildFile; productRef = 2362F4952C060E7600CB9F5F /* ProgressHUD */; };
		2362F4992C060EB500CB9F5F /* Pokemon.swift in Sources */ = {isa = PBXBuildFile; fileRef = 2362F4982C060EB500CB9F5F /* Pokemon.swift */; };
		2362F49B2C0610C100CB9F5F /* PokemonListViewModel.swift in Sources */ = {isa = PBXBuildFile; fileRef = 2362F49A2C0610C100CB9F5F /* PokemonListViewModel.swift */; };
/* End PBXBuildFile section */

/* Begin PBXContainerItemProxy section */
		231818972C0603A1006FE008 /* PBXContainerItemProxy */ = {
			isa = PBXContainerItemProxy;
			containerPortal = 2318187D2C06039F006FE008 /* Project object */;
			proxyType = 1;
			remoteGlobalIDString = 231818842C06039F006FE008;
			remoteInfo = Pokemon;
		};
		231818A12C0603A1006FE008 /* PBXContainerItemProxy */ = {
			isa = PBXContainerItemProxy;
			containerPortal = 2318187D2C06039F006FE008 /* Project object */;
			proxyType = 1;
			remoteGlobalIDString = 231818842C06039F006FE008;
			remoteInfo = Pokemon;
		};
/* End PBXContainerItemProxy section */

/* Begin PBXFileReference section */
		231818852C06039F006FE008 /* Pokemon.app */ = {isa = PBXFileReference; explicitFileType = wrapper.application; includeInIndex = 0; path = Pokemon.app; sourceTree = BUILT_PRODUCTS_DIR; };
		231818882C06039F006FE008 /* PokemonApp.swift */ = {isa = PBXFileReference; lastKnownFileType = sourcecode.swift; path = PokemonApp.swift; sourceTree = "<group>"; };
		2318188A2C06039F006FE008 /* PokemonListView.swift */ = {isa = PBXFileReference; lastKnownFileType = sourcecode.swift; path = PokemonListView.swift; sourceTree = "<group>"; };
		2318188C2C0603A1006FE008 /* Assets.xcassets */ = {isa = PBXFileReference; lastKnownFileType = folder.assetcatalog; path = Assets.xcassets; sourceTree = "<group>"; };
		2318188F2C0603A1006FE008 /* Preview Assets.xcassets */ = {isa = PBXFileReference; lastKnownFileType = folder.assetcatalog; path = "Preview Assets.xcassets"; sourceTree = "<group>"; };
		231818912C0603A1006FE008 /* Pokemon.entitlements */ = {isa = PBXFileReference; lastKnownFileType = text.plist.entitlements; path = Pokemon.entitlements; sourceTree = "<group>"; };
		231818962C0603A1006FE008 /* PokemonTests.xctest */ = {isa = PBXFileReference; explicitFileType = wrapper.cfbundle; includeInIndex = 0; path = PokemonTests.xctest; sourceTree = BUILT_PRODUCTS_DIR; };
		2318189A2C0603A1006FE008 /* PokemonTests.swift */ = {isa = PBXFileReference; lastKnownFileType = sourcecode.swift; path = PokemonTests.swift; sourceTree = "<group>"; };
		231818A02C0603A1006FE008 /* PokemonUITests.xctest */ = {isa = PBXFileReference; explicitFileType = wrapper.cfbundle; includeInIndex = 0; path = PokemonUITests.xctest; sourceTree = BUILT_PRODUCTS_DIR; };
		231818A42C0603A1006FE008 /* PokemonUITests.swift */ = {isa = PBXFileReference; lastKnownFileType = sourcecode.swift; path = PokemonUITests.swift; sourceTree = "<group>"; };
		231818A62C0603A1006FE008 /* PokemonUITestsLaunchTests.swift */ = {isa = PBXFileReference; lastKnownFileType = sourcecode.swift; path = PokemonUITestsLaunchTests.swift; sourceTree = "<group>"; };
		231818B62C060772006FE008 /* PokemonManager.swift */ = {isa = PBXFileReference; lastKnownFileType = sourcecode.swift; path = PokemonManager.swift; sourceTree = "<group>"; };
		2362F4982C060EB500CB9F5F /* Pokemon.swift */ = {isa = PBXFileReference; lastKnownFileType = sourcecode.swift; path = Pokemon.swift; sourceTree = "<group>"; };
		2362F49A2C0610C100CB9F5F /* PokemonListViewModel.swift */ = {isa = PBXFileReference; lastKnownFileType = sourcecode.swift; path = PokemonListViewModel.swift; sourceTree = "<group>"; };
		2362F49C2C061D2700CB9F5F /* Info.plist */ = {isa = PBXFileReference; lastKnownFileType = text.plist; path = Info.plist; sourceTree = "<group>"; };
/* End PBXFileReference section */

/* Begin PBXFrameworksBuildPhase section */
		231818822C06039F006FE008 /* Frameworks */ = {
			isa = PBXFrameworksBuildPhase;
			buildActionMask = 2147483647;
			files = (
				2362F4962C060E7600CB9F5F /* ProgressHUD in Frameworks */,
				2362F4922C060E4F00CB9F5F /* Alamofire in Frameworks */,
				2362F4942C060E4F00CB9F5F /* AlamofireDynamic in Frameworks */,
			);
			runOnlyForDeploymentPostprocessing = 0;
		};
		231818932C0603A1006FE008 /* Frameworks */ = {
			isa = PBXFrameworksBuildPhase;
			buildActionMask = 2147483647;
			files = (
			);
			runOnlyForDeploymentPostprocessing = 0;
		};
		2318189D2C0603A1006FE008 /* Frameworks */ = {
			isa = PBXFrameworksBuildPhase;
			buildActionMask = 2147483647;
			files = (
			);
			runOnlyForDeploymentPostprocessing = 0;
		};
/* End PBXFrameworksBuildPhase section */

/* Begin PBXGroup section */
		2318187C2C06039F006FE008 = {
			isa = PBXGroup;
			children = (
				231818872C06039F006FE008 /* Pokemon */,
				231818992C0603A1006FE008 /* PokemonTests */,
				231818A32C0603A1006FE008 /* PokemonUITests */,
				231818862C06039F006FE008 /* Products */,
			);
			sourceTree = "<group>";
		};
		231818862C06039F006FE008 /* Products */ = {
			isa = PBXGroup;
			children = (
				231818852C06039F006FE008 /* Pokemon.app */,
				231818962C0603A1006FE008 /* PokemonTests.xctest */,
				231818A02C0603A1006FE008 /* PokemonUITests.xctest */,
			);
			name = Products;
			sourceTree = "<group>";
		};
		231818872C06039F006FE008 /* Pokemon */ = {
			isa = PBXGroup;
			children = (
				2362F49C2C061D2700CB9F5F /* Info.plist */,
				231818882C06039F006FE008 /* PokemonApp.swift */,
				2362F49D2C061DAA00CB9F5F /* View */,
				2362F49E2C061DBC00CB9F5F /* ViewModel */,
				2362F4972C060E9F00CB9F5F /* Model */,
				231818B52C0606E5006FE008 /* APIManager */,
				2318188C2C0603A1006FE008 /* Assets.xcassets */,
				231818912C0603A1006FE008 /* Pokemon.entitlements */,
				2318188E2C0603A1006FE008 /* Preview Content */,
			);
			path = Pokemon;
			sourceTree = "<group>";
		};
		2318188E2C0603A1006FE008 /* Preview Content */ = {
			isa = PBXGroup;
			children = (
				2318188F2C0603A1006FE008 /* Preview Assets.xcassets */,
			);
			path = "Preview Content";
			sourceTree = "<group>";
		};
		231818992C0603A1006FE008 /* PokemonTests */ = {
			isa = PBXGroup;
			children = (
				2318189A2C0603A1006FE008 /* PokemonTests.swift */,
			);
			path = PokemonTests;
			sourceTree = "<group>";
		};
		231818A32C0603A1006FE008 /* PokemonUITests */ = {
			isa = PBXGroup;
			children = (
				231818A42C0603A1006FE008 /* PokemonUITests.swift */,
				231818A62C0603A1006FE008 /* PokemonUITestsLaunchTests.swift */,
			);
			path = PokemonUITests;
			sourceTree = "<group>";
		};
		231818B52C0606E5006FE008 /* APIManager */ = {
			isa = PBXGroup;
			children = (
				231818B62C060772006FE008 /* PokemonManager.swift */,
			);
			path = APIManager;
			sourceTree = "<group>";
		};
		2362F4972C060E9F00CB9F5F /* Model */ = {
			isa = PBXGroup;
			children = (
				2362F4982C060EB500CB9F5F /* Pokemon.swift */,
			);
			path = Model;
			sourceTree = "<group>";
		};
		2362F49D2C061DAA00CB9F5F /* View */ = {
			isa = PBXGroup;
			children = (
				2318188A2C06039F006FE008 /* PokemonListView.swift */,
			);
			path = View;
			sourceTree = "<group>";
		};
		2362F49E2C061DBC00CB9F5F /* ViewModel */ = {
			isa = PBXGroup;
			children = (
				2362F49A2C0610C100CB9F5F /* PokemonListViewModel.swift */,
			);
			path = ViewModel;
			sourceTree = "<group>";
		};
/* End PBXGroup section */

/* Begin PBXNativeTarget section */
		231818842C06039F006FE008 /* Pokemon */ = {
			isa = PBXNativeTarget;
			buildConfigurationList = 231818AA2C0603A1006FE008 /* Build configuration list for PBXNativeTarget "Pokemon" */;
			buildPhases = (
				231818812C06039F006FE008 /* Sources */,
				231818822C06039F006FE008 /* Frameworks */,
				231818832C06039F006FE008 /* Resources */,
			);
			buildRules = (
			);
			dependencies = (
			);
			name = Pokemon;
			packageProductDependencies = (
				2362F4912C060E4F00CB9F5F /* Alamofire */,
				2362F4932C060E4F00CB9F5F /* AlamofireDynamic */,
				2362F4952C060E7600CB9F5F /* ProgressHUD */,
			);
			productName = Pokemon;
			productReference = 231818852C06039F006FE008 /* Pokemon.app */;
			productType = "com.apple.product-type.application";
		};
		231818952C0603A1006FE008 /* PokemonTests */ = {
			isa = PBXNativeTarget;
			buildConfigurationList = 231818AD2C0603A1006FE008 /* Build configuration list for PBXNativeTarget "PokemonTests" */;
			buildPhases = (
				231818922C0603A1006FE008 /* Sources */,
				231818932C0603A1006FE008 /* Frameworks */,
				231818942C0603A1006FE008 /* Resources */,
			);
			buildRules = (
			);
			dependencies = (
				231818982C0603A1006FE008 /* PBXTargetDependency */,
			);
			name = PokemonTests;
			productName = PokemonTests;
			productReference = 231818962C0603A1006FE008 /* PokemonTests.xctest */;
			productType = "com.apple.product-type.bundle.unit-test";
		};
		2318189F2C0603A1006FE008 /* PokemonUITests */ = {
			isa = PBXNativeTarget;
			buildConfigurationList = 231818B02C0603A1006FE008 /* Build configuration list for PBXNativeTarget "PokemonUITests" */;
			buildPhases = (
				2318189C2C0603A1006FE008 /* Sources */,
				2318189D2C0603A1006FE008 /* Frameworks */,
				2318189E2C0603A1006FE008 /* Resources */,
			);
			buildRules = (
			);
			dependencies = (
				231818A22C0603A1006FE008 /* PBXTargetDependency */,
			);
			name = PokemonUITests;
			productName = PokemonUITests;
			productReference = 231818A02C0603A1006FE008 /* PokemonUITests.xctest */;
			productType = "com.apple.product-type.bundle.ui-testing";
		};
/* End PBXNativeTarget section */

/* Begin PBXProject section */
		2318187D2C06039F006FE008 /* Project object */ = {
			isa = PBXProject;
			attributes = {
				BuildIndependentTargetsInParallel = 1;
				LastSwiftUpdateCheck = 1530;
				LastUpgradeCheck = 1530;
				TargetAttributes = {
					231818842C06039F006FE008 = {
						CreatedOnToolsVersion = 15.3;
					};
					231818952C0603A1006FE008 = {
						CreatedOnToolsVersion = 15.3;
						TestTargetID = 231818842C06039F006FE008;
					};
					2318189F2C0603A1006FE008 = {
						CreatedOnToolsVersion = 15.3;
						TestTargetID = 231818842C06039F006FE008;
					};
				};
			};
			buildConfigurationList = 231818802C06039F006FE008 /* Build configuration list for PBXProject "Pokemon" */;
			compatibilityVersion = "Xcode 14.0";
			developmentRegion = en;
			hasScannedForEncodings = 0;
			knownRegions = (
				en,
				Base,
			);
			mainGroup = 2318187C2C06039F006FE008;
			packageReferences = (
				231818B32C060551006FE008 /* XCRemoteSwiftPackageReference "Alamofire" */,
				231818B42C06056F006FE008 /* XCRemoteSwiftPackageReference "ProgressHUD" */,
			);
			productRefGroup = 231818862C06039F006FE008 /* Products */;
			projectDirPath = "";
			projectRoot = "";
			targets = (
				231818842C06039F006FE008 /* Pokemon */,
				231818952C0603A1006FE008 /* PokemonTests */,
				2318189F2C0603A1006FE008 /* PokemonUITests */,
			);
		};
/* End PBXProject section */

/* Begin PBXResourcesBuildPhase section */
		231818832C06039F006FE008 /* Resources */ = {
			isa = PBXResourcesBuildPhase;
			buildActionMask = 2147483647;
			files = (
				231818902C0603A1006FE008 /* Preview Assets.xcassets in Resources */,
				2318188D2C0603A1006FE008 /* Assets.xcassets in Resources */,
			);
			runOnlyForDeploymentPostprocessing = 0;
		};
		231818942C0603A1006FE008 /* Resources */ = {
			isa = PBXResourcesBuildPhase;
			buildActionMask = 2147483647;
			files = (
			);
			runOnlyForDeploymentPostprocessing = 0;
		};
		2318189E2C0603A1006FE008 /* Resources */ = {
			isa = PBXResourcesBuildPhase;
			buildActionMask = 2147483647;
			files = (
			);
			runOnlyForDeploymentPostprocessing = 0;
		};
/* End PBXResourcesBuildPhase section */

/* Begin PBXSourcesBuildPhase section */
		231818812C06039F006FE008 /* Sources */ = {
			isa = PBXSourcesBuildPhase;
			buildActionMask = 2147483647;
			files = (
				2318188B2C06039F006FE008 /* PokemonListView.swift in Sources */,
				2362F4992C060EB500CB9F5F /* Pokemon.swift in Sources */,
				231818B72C060772006FE008 /* PokemonManager.swift in Sources */,
				2362F49B2C0610C100CB9F5F /* PokemonListViewModel.swift in Sources */,
				231818892C06039F006FE008 /* PokemonApp.swift in Sources */,
			);
			runOnlyForDeploymentPostprocessing = 0;
		};
		231818922C0603A1006FE008 /* Sources */ = {
			isa = PBXSourcesBuildPhase;
			buildActionMask = 2147483647;
			files = (
				2318189B2C0603A1006FE008 /* PokemonTests.swift in Sources */,
			);
			runOnlyForDeploymentPostprocessing = 0;
		};
		2318189C2C0603A1006FE008 /* Sources */ = {
			isa = PBXSourcesBuildPhase;
			buildActionMask = 2147483647;
			files = (
				231818A72C0603A1006FE008 /* PokemonUITestsLaunchTests.swift in Sources */,
				231818A52C0603A1006FE008 /* PokemonUITests.swift in Sources */,
			);
			runOnlyForDeploymentPostprocessing = 0;
		};
/* End PBXSourcesBuildPhase section */

/* Begin PBXTargetDependency section */
		231818982C0603A1006FE008 /* PBXTargetDependency */ = {
			isa = PBXTargetDependency;
			target = 231818842C06039F006FE008 /* Pokemon */;
			targetProxy = 231818972C0603A1006FE008 /* PBXContainerItemProxy */;
		};
		231818A22C0603A1006FE008 /* PBXTargetDependency */ = {
			isa = PBXTargetDependency;
			target = 231818842C06039F006FE008 /* Pokemon */;
			targetProxy = 231818A12C0603A1006FE008 /* PBXContainerItemProxy */;
		};
/* End PBXTargetDependency section */

/* Begin XCBuildConfiguration section */
		231818A82C0603A1006FE008 /* Debug */ = {
			isa = XCBuildConfiguration;
			buildSettings = {
				ALWAYS_SEARCH_USER_PATHS = NO;
				ASSETCATALOG_COMPILER_GENERATE_SWIFT_ASSET_SYMBOL_EXTENSIONS = YES;
				CLANG_ANALYZER_NONNULL = YES;
				CLANG_ANALYZER_NUMBER_OBJECT_CONVERSION = YES_AGGRESSIVE;
				CLANG_CXX_LANGUAGE_STANDARD = "gnu++20";
				CLANG_ENABLE_MODULES = YES;
				CLANG_ENABLE_OBJC_ARC = YES;
				CLANG_ENABLE_OBJC_WEAK = YES;
				CLANG_WARN_BLOCK_CAPTURE_AUTORELEASING = YES;
				CLANG_WARN_BOOL_CONVERSION = YES;
				CLANG_WARN_COMMA = YES;
				CLANG_WARN_CONSTANT_CONVERSION = YES;
				CLANG_WARN_DEPRECATED_OBJC_IMPLEMENTATIONS = YES;
				CLANG_WARN_DIRECT_OBJC_ISA_USAGE = YES_ERROR;
				CLANG_WARN_DOCUMENTATION_COMMENTS = YES;
				CLANG_WARN_EMPTY_BODY = YES;
				CLANG_WARN_ENUM_CONVERSION = YES;
				CLANG_WARN_INFINITE_RECURSION = YES;
				CLANG_WARN_INT_CONVERSION = YES;
				CLANG_WARN_NON_LITERAL_NULL_CONVERSION = YES;
				CLANG_WARN_OBJC_IMPLICIT_RETAIN_SELF = YES;
				CLANG_WARN_OBJC_LITERAL_CONVERSION = YES;
				CLANG_WARN_OBJC_ROOT_CLASS = YES_ERROR;
				CLANG_WARN_QUOTED_INCLUDE_IN_FRAMEWORK_HEADER = YES;
				CLANG_WARN_RANGE_LOOP_ANALYSIS = YES;
				CLANG_WARN_STRICT_PROTOTYPES = YES;
				CLANG_WARN_SUSPICIOUS_MOVE = YES;
				CLANG_WARN_UNGUARDED_AVAILABILITY = YES_AGGRESSIVE;
				CLANG_WARN_UNREACHABLE_CODE = YES;
				CLANG_WARN__DUPLICATE_METHOD_MATCH = YES;
				COPY_PHASE_STRIP = NO;
				DEBUG_INFORMATION_FORMAT = dwarf;
				ENABLE_STRICT_OBJC_MSGSEND = YES;
				ENABLE_TESTABILITY = YES;
				ENABLE_USER_SCRIPT_SANDBOXING = YES;
				GCC_C_LANGUAGE_STANDARD = gnu17;
				GCC_DYNAMIC_NO_PIC = NO;
				GCC_NO_COMMON_BLOCKS = YES;
				GCC_OPTIMIZATION_LEVEL = 0;
				GCC_PREPROCESSOR_DEFINITIONS = (
					"DEBUG=1",
					"$(inherited)",
				);
				GCC_WARN_64_TO_32_BIT_CONVERSION = YES;
				GCC_WARN_ABOUT_RETURN_TYPE = YES_ERROR;
				GCC_WARN_UNDECLARED_SELECTOR = YES;
				GCC_WARN_UNINITIALIZED_AUTOS = YES_AGGRESSIVE;
				GCC_WARN_UNUSED_FUNCTION = YES;
				GCC_WARN_UNUSED_VARIABLE = YES;
				LOCALIZATION_PREFERS_STRING_CATALOGS = YES;
				MACOSX_DEPLOYMENT_TARGET = 14.4;
				MTL_ENABLE_DEBUG_INFO = INCLUDE_SOURCE;
				MTL_FAST_MATH = YES;
				ONLY_ACTIVE_ARCH = YES;
				SDKROOT = macosx;
				SWIFT_ACTIVE_COMPILATION_CONDITIONS = "DEBUG $(inherited)";
				SWIFT_OPTIMIZATION_LEVEL = "-Onone";
			};
			name = Debug;
		};
		231818A92C0603A1006FE008 /* Release */ = {
			isa = XCBuildConfiguration;
			buildSettings = {
				ALWAYS_SEARCH_USER_PATHS = NO;
				ASSETCATALOG_COMPILER_GENERATE_SWIFT_ASSET_SYMBOL_EXTENSIONS = YES;
				CLANG_ANALYZER_NONNULL = YES;
				CLANG_ANALYZER_NUMBER_OBJECT_CONVERSION = YES_AGGRESSIVE;
				CLANG_CXX_LANGUAGE_STANDARD = "gnu++20";
				CLANG_ENABLE_MODULES = YES;
				CLANG_ENABLE_OBJC_ARC = YES;
				CLANG_ENABLE_OBJC_WEAK = YES;
				CLANG_WARN_BLOCK_CAPTURE_AUTORELEASING = YES;
				CLANG_WARN_BOOL_CONVERSION = YES;
				CLANG_WARN_COMMA = YES;
				CLANG_WARN_CONSTANT_CONVERSION = YES;
				CLANG_WARN_DEPRECATED_OBJC_IMPLEMENTATIONS = YES;
				CLANG_WARN_DIRECT_OBJC_ISA_USAGE = YES_ERROR;
				CLANG_WARN_DOCUMENTATION_COMMENTS = YES;
				CLANG_WARN_EMPTY_BODY = YES;
				CLANG_WARN_ENUM_CONVERSION = YES;
				CLANG_WARN_INFINITE_RECURSION = YES;
				CLANG_WARN_INT_CONVERSION = YES;
				CLANG_WARN_NON_LITERAL_NULL_CONVERSION = YES;
				CLANG_WARN_OBJC_IMPLICIT_RETAIN_SELF = YES;
				CLANG_WARN_OBJC_LITERAL_CONVERSION = YES;
				CLANG_WARN_OBJC_ROOT_CLASS = YES_ERROR;
				CLANG_WARN_QUOTED_INCLUDE_IN_FRAMEWORK_HEADER = YES;
				CLANG_WARN_RANGE_LOOP_ANALYSIS = YES;
				CLANG_WARN_STRICT_PROTOTYPES = YES;
				CLANG_WARN_SUSPICIOUS_MOVE = YES;
				CLANG_WARN_UNGUARDED_AVAILABILITY = YES_AGGRESSIVE;
				CLANG_WARN_UNREACHABLE_CODE = YES;
				CLANG_WARN__DUPLICATE_METHOD_MATCH = YES;
				COPY_PHASE_STRIP = NO;
				DEBUG_INFORMATION_FORMAT = "dwarf-with-dsym";
				ENABLE_NS_ASSERTIONS = NO;
				ENABLE_STRICT_OBJC_MSGSEND = YES;
				ENABLE_USER_SCRIPT_SANDBOXING = YES;
				GCC_C_LANGUAGE_STANDARD = gnu17;
				GCC_NO_COMMON_BLOCKS = YES;
				GCC_WARN_64_TO_32_BIT_CONVERSION = YES;
				GCC_WARN_ABOUT_RETURN_TYPE = YES_ERROR;
				GCC_WARN_UNDECLARED_SELECTOR = YES;
				GCC_WARN_UNINITIALIZED_AUTOS = YES_AGGRESSIVE;
				GCC_WARN_UNUSED_FUNCTION = YES;
				GCC_WARN_UNUSED_VARIABLE = YES;
				LOCALIZATION_PREFERS_STRING_CATALOGS = YES;
				MACOSX_DEPLOYMENT_TARGET = 14.4;
				MTL_ENABLE_DEBUG_INFO = NO;
				MTL_FAST_MATH = YES;
				SDKROOT = macosx;
				SWIFT_COMPILATION_MODE = wholemodule;
			};
			name = Release;
		};
		231818AB2C0603A1006FE008 /* Debug */ = {
			isa = XCBuildConfiguration;
			buildSettings = {
				ASSETCATALOG_COMPILER_APPICON_NAME = AppIcon;
				ASSETCATALOG_COMPILER_GLOBAL_ACCENT_COLOR_NAME = AccentColor;
				CODE_SIGN_ENTITLEMENTS = Pokemon/Pokemon.entitlements;
				CODE_SIGN_STYLE = Automatic;
				COMBINE_HIDPI_IMAGES = YES;
				CURRENT_PROJECT_VERSION = 1;
				DEVELOPMENT_ASSET_PATHS = "\"Pokemon/Preview Content\"";
				DEVELOPMENT_TEAM = S9PBHPN687;
				ENABLE_HARDENED_RUNTIME = YES;
				ENABLE_PREVIEWS = YES;
				GENERATE_INFOPLIST_FILE = YES;
				INFOPLIST_FILE = Pokemon/Info.plist;
				INFOPLIST_KEY_NSHumanReadableCopyright = "";
				INFOPLIST_KEY_UISupportedInterfaceOrientations = UIInterfaceOrientationPortrait;
				IPHONEOS_DEPLOYMENT_TARGET = 15.0;
				LD_RUNPATH_SEARCH_PATHS = (
					"$(inherited)",
					"@executable_path/../Frameworks",
				);
				MARKETING_VERSION = 1.0;
				PRODUCT_BUNDLE_IDENTIFIER = com.gonzoli.Pokemon;
				PRODUCT_NAME = "$(TARGET_NAME)";
				SUPPORTED_PLATFORMS = "iphoneos iphonesimulator";
				SUPPORTS_MACCATALYST = NO;
				SWIFT_EMIT_LOC_STRINGS = YES;
				SWIFT_VERSION = 5.0;
				TARGETED_DEVICE_FAMILY = 1;
			};
			name = Debug;
		};
		231818AC2C0603A1006FE008 /* Release */ = {
			isa = XCBuildConfiguration;
			buildSettings = {
				ASSETCATALOG_COMPILER_APPICON_NAME = AppIcon;
				ASSETCATALOG_COMPILER_GLOBAL_ACCENT_COLOR_NAME = AccentColor;
				CODE_SIGN_ENTITLEMENTS = Pokemon/Pokemon.entitlements;
				CODE_SIGN_STYLE = Automatic;
				COMBINE_HIDPI_IMAGES = YES;
				CURRENT_PROJECT_VERSION = 1;
				DEVELOPMENT_ASSET_PATHS = "\"Pokemon/Preview Content\"";
				DEVELOPMENT_TEAM = S9PBHPN687;
				ENABLE_HARDENED_RUNTIME = YES;
				ENABLE_PREVIEWS = YES;
				GENERATE_INFOPLIST_FILE = YES;
				INFOPLIST_FILE = Pokemon/Info.plist;
				INFOPLIST_KEY_NSHumanReadableCopyright = "";
				INFOPLIST_KEY_UISupportedInterfaceOrientations = UIInterfaceOrientationPortrait;
				IPHONEOS_DEPLOYMENT_TARGET = 15.0;
				LD_RUNPATH_SEARCH_PATHS = (
					"$(inherited)",
					"@executable_path/../Frameworks",
				);
				MARKETING_VERSION = 1.0;
				PRODUCT_BUNDLE_IDENTIFIER = com.gonzoli.Pokemon;
				PRODUCT_NAME = "$(TARGET_NAME)";
				SUPPORTED_PLATFORMS = "iphoneos iphonesimulator";
				SUPPORTS_MACCATALYST = NO;
				SWIFT_EMIT_LOC_STRINGS = YES;
				SWIFT_VERSION = 5.0;
				TARGETED_DEVICE_FAMILY = 1;
			};
			name = Release;
		};
		231818AE2C0603A1006FE008 /* Debug */ = {
			isa = XCBuildConfiguration;
			buildSettings = {
				ALWAYS_EMBED_SWIFT_STANDARD_LIBRARIES = YES;
				BUNDLE_LOADER = "$(TEST_HOST)";
				CODE_SIGN_STYLE = Automatic;
				CURRENT_PROJECT_VERSION = 1;
				DEVELOPMENT_TEAM = S9PBHPN687;
				GENERATE_INFOPLIST_FILE = YES;
				MACOSX_DEPLOYMENT_TARGET = 14.4;
				MARKETING_VERSION = 1.0;
				PRODUCT_BUNDLE_IDENTIFIER = com.gonzoli.PokemonTests;
				PRODUCT_NAME = "$(TARGET_NAME)";
				SWIFT_EMIT_LOC_STRINGS = NO;
				SWIFT_VERSION = 5.0;
				TEST_HOST = "$(BUILT_PRODUCTS_DIR)/Pokemon.app/$(BUNDLE_EXECUTABLE_FOLDER_PATH)/Pokemon";
			};
			name = Debug;
		};
		231818AF2C0603A1006FE008 /* Release */ = {
			isa = XCBuildConfiguration;
			buildSettings = {
				ALWAYS_EMBED_SWIFT_STANDARD_LIBRARIES = YES;
				BUNDLE_LOADER = "$(TEST_HOST)";
				CODE_SIGN_STYLE = Automatic;
				CURRENT_PROJECT_VERSION = 1;
				DEVELOPMENT_TEAM = S9PBHPN687;
				GENERATE_INFOPLIST_FILE = YES;
				MACOSX_DEPLOYMENT_TARGET = 14.4;
				MARKETING_VERSION = 1.0;
				PRODUCT_BUNDLE_IDENTIFIER = com.gonzoli.PokemonTests;
				PRODUCT_NAME = "$(TARGET_NAME)";
				SWIFT_EMIT_LOC_STRINGS = NO;
				SWIFT_VERSION = 5.0;
				TEST_HOST = "$(BUILT_PRODUCTS_DIR)/Pokemon.app/$(BUNDLE_EXECUTABLE_FOLDER_PATH)/Pokemon";
			};
			name = Release;
		};
		231818B12C0603A1006FE008 /* Debug */ = {
			isa = XCBuildConfiguration;
			buildSettings = {
				ALWAYS_EMBED_SWIFT_STANDARD_LIBRARIES = YES;
				CODE_SIGN_STYLE = Automatic;
				CURRENT_PROJECT_VERSION = 1;
				DEVELOPMENT_TEAM = S9PBHPN687;
				GENERATE_INFOPLIST_FILE = YES;
				MARKETING_VERSION = 1.0;
				PRODUCT_BUNDLE_IDENTIFIER = com.gonzoli.PokemonUITests;
				PRODUCT_NAME = "$(TARGET_NAME)";
				SWIFT_EMIT_LOC_STRINGS = NO;
				SWIFT_VERSION = 5.0;
				TEST_TARGET_NAME = Pokemon;
			};
			name = Debug;
		};
		231818B22C0603A1006FE008 /* Release */ = {
			isa = XCBuildConfiguration;
			buildSettings = {
				ALWAYS_EMBED_SWIFT_STANDARD_LIBRARIES = YES;
				CODE_SIGN_STYLE = Automatic;
				CURRENT_PROJECT_VERSION = 1;
				DEVELOPMENT_TEAM = S9PBHPN687;
				GENERATE_INFOPLIST_FILE = YES;
				MARKETING_VERSION = 1.0;
				PRODUCT_BUNDLE_IDENTIFIER = com.gonzoli.PokemonUITests;
				PRODUCT_NAME = "$(TARGET_NAME)";
				SWIFT_EMIT_LOC_STRINGS = NO;
				SWIFT_VERSION = 5.0;
				TEST_TARGET_NAME = Pokemon;
			};
			name = Release;
		};
/* End XCBuildConfiguration section */

/* Begin XCConfigurationList section */
		231818802C06039F006FE008 /* Build configuration list for PBXProject "Pokemon" */ = {
			isa = XCConfigurationList;
			buildConfigurations = (
				231818A82C0603A1006FE008 /* Debug */,
				231818A92C0603A1006FE008 /* Release */,
			);
			defaultConfigurationIsVisible = 0;
			defaultConfigurationName = Release;
		};
		231818AA2C0603A1006FE008 /* Build configuration list for PBXNativeTarget "Pokemon" */ = {
			isa = XCConfigurationList;
			buildConfigurations = (
				231818AB2C0603A1006FE008 /* Debug */,
				231818AC2C0603A1006FE008 /* Release */,
			);
			defaultConfigurationIsVisible = 0;
			defaultConfigurationName = Release;
		};
		231818AD2C0603A1006FE008 /* Build configuration list for PBXNativeTarget "PokemonTests" */ = {
			isa = XCConfigurationList;
			buildConfigurations = (
				231818AE2C0603A1006FE008 /* Debug */,
				231818AF2C0603A1006FE008 /* Release */,
			);
			defaultConfigurationIsVisible = 0;
			defaultConfigurationName = Release;
		};
		231818B02C0603A1006FE008 /* Build configuration list for PBXNativeTarget "PokemonUITests" */ = {
			isa = XCConfigurationList;
			buildConfigurations = (
				231818B12C0603A1006FE008 /* Debug */,
				231818B22C0603A1006FE008 /* Release */,
			);
			defaultConfigurationIsVisible = 0;
			defaultConfigurationName = Release;
		};
/* End XCConfigurationList section */

/* Begin XCRemoteSwiftPackageReference section */
		231818B32C060551006FE008 /* XCRemoteSwiftPackageReference "Alamofire" */ = {
			isa = XCRemoteSwiftPackageReference;
			repositoryURL = "https://github.com/Alamofire/Alamofire.git";
			requirement = {
				kind = upToNextMajorVersion;
				minimumVersion = 5.9.1;
			};
		};
		231818B42C06056F006FE008 /* XCRemoteSwiftPackageReference "ProgressHUD" */ = {
			isa = XCRemoteSwiftPackageReference;
			repositoryURL = "https://github.com/relatedcode/ProgressHUD.git";
			requirement = {
				kind = upToNextMajorVersion;
				minimumVersion = 14.1.3;
			};
		};
/* End XCRemoteSwiftPackageReference section */

/* Begin XCSwiftPackageProductDependency section */
		2362F4912C060E4F00CB9F5F /* Alamofire */ = {
			isa = XCSwiftPackageProductDependency;
			package = 231818B32C060551006FE008 /* XCRemoteSwiftPackageReference "Alamofire" */;
			productName = Alamofire;
		};
		2362F4932C060E4F00CB9F5F /* AlamofireDynamic */ = {
			isa = XCSwiftPackageProductDependency;
			package = 231818B32C060551006FE008 /* XCRemoteSwiftPackageReference "Alamofire" */;
			productName = AlamofireDynamic;
		};
		2362F4952C060E7600CB9F5F /* ProgressHUD */ = {
			isa = XCSwiftPackageProductDependency;
			package = 231818B42C06056F006FE008 /* XCRemoteSwiftPackageReference "ProgressHUD" */;
			productName = ProgressHUD;
		};
/* End XCSwiftPackageProductDependency section */
	};
	rootObject = 2318187D2C06039F006FE008 /* Project object */;
}
